
Microsoft Visual Studio Solution File, Format Version 12.00
# Visual Studio 2013
VisualStudioVersion = 12.0.21005.1
MinimumVisualStudioVersion = 10.0.40219.1
Project("{FAE04EC0-301F-11D3-BF4B-00C04F79EFBC}") = "FusionAPI", "FusionAPI\FusionAPI.csproj", "{D8BB28BC-620F-426C-9CA9-F3BA01629989}"
EndProject
Project("{FAE04EC0-301F-11D3-BF4B-00C04F79EFBC}") = "FusionAPI.Tests", "FusionAPI.Tests\FusionAPI.Tests.csproj", "{78DAA27F-E6CD-49B4-B379-6BB37E2486E0}"
EndProject
Global
	GlobalSection(SolutionConfigurationPlatforms) = preSolution
		Debug|Any CPU = Debug|Any CPU
		Release|Any CPU = Release|Any CPU
	EndGlobalSection
	GlobalSection(ProjectConfigurationPlatforms) = postSolution
		{D8BB28BC-620F-426C-9CA9-F3BA01629989}.Debug|Any CPU.ActiveCfg = Debug|Any CPU
		{D8BB28BC-620F-426C-9CA9-F3BA01629989}.Debug|Any CPU.Build.0 = Debug|Any CPU
		{D8BB28BC-620F-426C-9CA9-F3BA01629989}.Release|Any CPU.ActiveCfg = Release|Any CPU
		{D8BB28BC-620F-426C-9CA9-F3BA01629989}.Release|Any CPU.Build.0 = Release|Any CPU
		{78DAA27F-E6CD-49B4-B379-6BB37E2486E0}.Debug|Any CPU.ActiveCfg = Debug|Any CPU
		{78DAA27F-E6CD-49B4-B379-6BB37E2486E0}.Debug|Any CPU.Build.0 = Debug|Any CPU
		{78DAA27F-E6CD-49B4-B379-6BB37E2486E0}.Release|Any CPU.ActiveCfg = Release|Any CPU
		{78DAA27F-E6CD-49B4-B379-6BB37E2486E0}.Release|Any CPU.Build.0 = Release|Any CPU
	EndGlobalSection
	GlobalSection(SolutionProperties) = preSolution
		HideSolutionNode = FALSE
	EndGlobalSection
EndGlobal
